
Microsoft Visual Studio Solution File, Format Version 12.00
# Visual Studio Version 16
VisualStudioVersion = 16.0.30804.86
MinimumVisualStudioVersion = 10.0.40219.1
Project("{FAE04EC0-301F-11D3-BF4B-00C04F79EFBC}") = "AumentoDeSalarioURI1048", "AumentoDeSalarioURI1048\AumentoDeSalarioURI1048.csproj", "{A8DFA6D8-3D0F-4AE7-B918-3782428C8EA0}"
EndProject
Global
	GlobalSection(SolutionConfigurationPlatforms) = preSolution
		Debug|Any CPU = Debug|Any CPU
		Release|Any CPU = Release|Any CPU
	EndGlobalSection
	GlobalSection(ProjectConfigurationPlatforms) = postSolution
		{A8DFA6D8-3D0F-4AE7-B918-3782428C8EA0}.Debug|Any CPU.ActiveCfg = Debug|Any CPU
		{A8DFA6D8-3D0F-4AE7-B918-3782428C8EA0}.Debug|Any CPU.Build.0 = Debug|Any CPU
		{A8DFA6D8-3D0F-4AE7-B918-3782428C8EA0}.Release|Any CPU.ActiveCfg = Release|Any CPU
		{A8DFA6D8-3D0F-4AE7-B918-3782428C8EA0}.Release|Any CPU.Build.0 = Release|Any CPU
	EndGlobalSection
	GlobalSection(SolutionProperties) = preSolution
		HideSolutionNode = FALSE
	EndGlobalSection
	GlobalSection(ExtensibilityGlobals) = postSolution
		SolutionGuid = {35DC4CB8-DA2E-46EB-BFCF-CF1B1BAD21E3}
	EndGlobalSection
EndGlobal
